
Microsoft Visual Studio Solution File, Format Version 12.00
# Visual Studio Version 17
VisualStudioVersion = 17.4.33403.182
MinimumVisualStudioVersion = 10.0.40219.1
Project("{FAE04EC0-301F-11D3-BF4B-00C04F79EFBC}") = "DRE.Api", "DRE.Api\DRE.Api.csproj", "{0CFDE59E-9AF8-4A5E-86AF-B3DB005012EA}"
EndProject
Global
	GlobalSection(SolutionConfigurationPlatforms) = preSolution
		Debug|Any CPU = Debug|Any CPU
		Release|Any CPU = Release|Any CPU
	EndGlobalSection
	GlobalSection(ProjectConfigurationPlatforms) = postSolution
		{0CFDE59E-9AF8-4A5E-86AF-B3DB005012EA}.Debug|Any CPU.ActiveCfg = Debug|Any CPU
		{0CFDE59E-9AF8-4A5E-86AF-B3DB005012EA}.Debug|Any CPU.Build.0 = Debug|Any CPU
		{0CFDE59E-9AF8-4A5E-86AF-B3DB005012EA}.Release|Any CPU.ActiveCfg = Release|Any CPU
		{0CFDE59E-9AF8-4A5E-86AF-B3DB005012EA}.Release|Any CPU.Build.0 = Release|Any CPU
	EndGlobalSection
	GlobalSection(SolutionProperties) = preSolution
		HideSolutionNode = FALSE
	EndGlobalSection
	GlobalSection(ExtensibilityGlobals) = postSolution
		SolutionGuid = {2BD90E24-C5BD-4C85-A4C9-156C22164381}
	EndGlobalSection
EndGlobal
