
Microsoft Visual Studio Solution File, Format Version 12.00
# Visual Studio Version 17
VisualStudioVersion = 17.4.33403.182
MinimumVisualStudioVersion = 10.0.40219.1
Project("{FAE04EC0-301F-11D3-BF4B-00C04F79EFBC}") = "DRE.Api", "DRE.Api\DRE.Api.csproj", "{68CCFA3B-23FC-40B8-A397-FD4136A4354A}"
EndProject
Global
	GlobalSection(SolutionConfigurationPlatforms) = preSolution
		Debug|Any CPU = Debug|Any CPU
		Release|Any CPU = Release|Any CPU
	EndGlobalSection
	GlobalSection(ProjectConfigurationPlatforms) = postSolution
		{68CCFA3B-23FC-40B8-A397-FD4136A4354A}.Debug|Any CPU.ActiveCfg = Debug|Any CPU
		{68CCFA3B-23FC-40B8-A397-FD4136A4354A}.Debug|Any CPU.Build.0 = Debug|Any CPU
		{68CCFA3B-23FC-40B8-A397-FD4136A4354A}.Release|Any CPU.ActiveCfg = Release|Any CPU
		{68CCFA3B-23FC-40B8-A397-FD4136A4354A}.Release|Any CPU.Build.0 = Release|Any CPU
	EndGlobalSection
	GlobalSection(SolutionProperties) = preSolution
		HideSolutionNode = FALSE
	EndGlobalSection
	GlobalSection(ExtensibilityGlobals) = postSolution
		SolutionGuid = {0F0B580A-19D1-473D-AD99-707BB99B7793}
	EndGlobalSection
EndGlobal
